
Microsoft Visual Studio Solution File, Format Version 12.00
# Visual Studio Version 17
VisualStudioVersion = 17.0.32014.148
MinimumVisualStudioVersion = 10.0.40219.1
Project("{FAE04EC0-301F-11D3-BF4B-00C04F79EFBC}") = "IndieDuckDeveloper", "IndieDuckDeveloper\IndieDuckDeveloper.csproj", "{4230D1EE-BDB2-4ED9-9557-2D8BBAC48F12}"
EndProject
Global
	GlobalSection(SolutionConfigurationPlatforms) = preSolution
		Debug|Any CPU = Debug|Any CPU
		Release|Any CPU = Release|Any CPU
	EndGlobalSection
	GlobalSection(ProjectConfigurationPlatforms) = postSolution
		{4230D1EE-BDB2-4ED9-9557-2D8BBAC48F12}.Debug|Any CPU.ActiveCfg = Debug|Any CPU
		{4230D1EE-BDB2-4ED9-9557-2D8BBAC48F12}.Debug|Any CPU.Build.0 = Debug|Any CPU
		{4230D1EE-BDB2-4ED9-9557-2D8BBAC48F12}.Release|Any CPU.ActiveCfg = Release|Any CPU
		{4230D1EE-BDB2-4ED9-9557-2D8BBAC48F12}.Release|Any CPU.Build.0 = Release|Any CPU
	EndGlobalSection
	GlobalSection(SolutionProperties) = preSolution
		HideSolutionNode = FALSE
	EndGlobalSection
	GlobalSection(ExtensibilityGlobals) = postSolution
		SolutionGuid = {3AFAC26C-7AAD-48E9-889C-E8B4E7C2601C}
	EndGlobalSection
EndGlobal
